{
    "version": 3,
    "terraform_version": "0.9.11",
    "serial": 3,
    "lineage": "bffbf659-ac87-4a33-9082-12c11e25e54f",
    "modules": [
        {
            "path": [
                "root"
            ],
            "outputs": {},
            "resources": {
                "aws_iam_instance_profile.app": {
                    "type": "aws_iam_instance_profile",
                    "depends_on": [
                        "aws_iam_role.app_role"
                    ],
                    "primary": {
                        "id": "terraform-00178d383c33a2794efb80aeaf",
                        "attributes": {
                            "arn": "arn:aws:iam::492333042402:instance-profile/terraform-00178d383c33a2794efb80aeaf",
                            "id": "terraform-00178d383c33a2794efb80aeaf",
                            "name": "terraform-00178d383c33a2794efb80aeaf",
                            "path": "/",
                            "role": "app-role",
                            "roles.#": "0",
                            "unique_id": "AIPAJ3UJVAM3TQD3ARPLG"
                        },
                        "meta": {},
                        "tainted": false
                    },
                    "deposed": [],
                    "provider": ""
                },
                "aws_iam_role.app_role": {
                    "type": "aws_iam_role",
                    "depends_on": [],
                    "primary": {
                        "id": "app-role",
                        "attributes": {
                            "arn": "arn:aws:iam::492333042402:role/app-role",
                            "assume_role_policy": "{\"Version\":\"2008-10-17\",\"Statement\":[{\"Effect\":\"Allow\",\"Principal\":{\"Service\":\"ec2.amazonaws.com\"},\"Action\":\"sts:AssumeRole\"}]}",
                            "create_date": "2017-10-11T21:47:38Z",
                            "id": "app-role",
                            "name": "app-role",
                            "path": "/",
                            "unique_id": "AROAJ4F7H3VPLAKEPDQU6"
                        },
                        "meta": {},
                        "tainted": false
                    },
                    "deposed": [],
                    "provider": ""
                },
                "aws_iam_role_policy.app_policy": {
                    "type": "aws_iam_role_policy",
                    "depends_on": [
                        "aws_iam_role.app_role"
                    ],
                    "primary": {
                        "id": "app-role:app-base-policy",
                        "attributes": {
                            "id": "app-role:app-base-policy",
                            "name": "app-base-policy",
                            "policy": "{\n  \"Version\": \"2012-10-17\",\n  \"Statement\": [\n    {\n      \"Sid\": \"Stmt1507044932025\",\n      \"Action\": \"s3:*\",\n      \"Effect\": \"Allow\",\n      \"Resource\": \"*\"\n    },\n    {\n      \"Sid\": \"Stmt1507045195058\",\n      \"Action\": \"logs:*\",\n      \"Effect\": \"Allow\",\n      \"Resource\": \"*\"\n    },\n    {\n      \"Sid\": \"Stmt1507046228182\",\n      \"Action\": [\n        \"iam:GetAccessKeyLastUsed\",\n        \"iam:GetAccountAuthorizationDetails\",\n        \"iam:GetAccountPasswordPolicy\",\n        \"iam:GetAccountSummary\",\n        \"iam:GetContextKeysForCustomPolicy\",\n        \"iam:GetContextKeysForPrincipalPolicy\",\n        \"iam:GetCredentialReport\",\n        \"iam:GetGroup\",\n        \"iam:GetGroupPolicy\",\n        \"iam:GetInstanceProfile\",\n        \"iam:GetLoginProfile\",\n        \"iam:GetOpenIDConnectProvider\",\n        \"iam:GetPolicy\",\n        \"iam:GetPolicyVersion\",\n        \"iam:GetRole\",\n        \"iam:GetRolePolicy\",\n        \"iam:GetSAMLProvider\",\n        \"iam:GetSSHPublicKey\",\n        \"iam:GetServerCertificate\",\n        \"iam:GetServiceLastAccessedDetails\",\n        \"iam:GetServiceLastAccessedDetailsWithEntities\",\n        \"iam:GetUser\",\n        \"iam:GetUserPolicy\",\n        \"iam:ListAccessKeys\",\n        \"iam:ListAccountAliases\",\n        \"iam:ListAttachedGroupPolicies\",\n        \"iam:ListAttachedRolePolicies\",\n        \"iam:ListAttachedUserPolicies\",\n        \"iam:ListEntitiesForPolicy\",\n        \"iam:ListGroupPolicies\",\n        \"iam:ListGroups\",\n        \"iam:ListGroupsForUser\",\n        \"iam:ListInstanceProfiles\",\n        \"iam:ListInstanceProfilesForRole\",\n        \"iam:ListMFADevices\",\n        \"iam:ListOpenIDConnectProviders\",\n        \"iam:ListPolicies\",\n        \"iam:ListPoliciesGrantingServiceAccess\",\n        \"iam:ListPolicyVersions\",\n        \"iam:ListRolePolicies\",\n        \"iam:ListRoles\",\n        \"iam:ListSAMLProviders\",\n        \"iam:ListSSHPublicKeys\",\n        \"iam:ListServerCertificates\",\n        \"iam:ListSigningCertificates\",\n        \"iam:ListUserPolicies\",\n        \"iam:ListUsers\",\n        \"iam:ListVirtualMFADevices\",\n        \"iam:PassRole\",\n        \"iam:CreateRole\",\n        \"iam:PutRolePolicy\",\n        \"iam:AttachRolePolicy\"\n      ],\n      \"Effect\": \"Allow\",\n      \"Resource\": \"*\"\n    },\n    {\n      \"Sid\": \"Stmt1507046607544\",\n      \"Action\": \"execute-api:*\",\n      \"Effect\": \"Allow\",\n      \"Resource\": \"*\"\n    },\n    {\n      \"Sid\": \"Stmt1507126105642\",\n      \"Action\": \"cloudwatch:*\",\n      \"Effect\": \"Allow\",\n      \"Resource\": \"*\"\n    },\n    {\n      \"Sid\": \"Stmt1507126998203\",\n      \"Action\": \"events:*\",\n      \"Effect\": \"Allow\",\n      \"Resource\": \"*\"\n    },\n    {\n      \"Sid\": \"Stmt1507130562121\",\n      \"Action\": [\n        \"ssm:GetParameterHistory\",\n        \"ssm:GetParameter\",\n        \"ssm:GetParameters\",\n        \"ssm:GetParametersByPath\"\n      ],\n      \"Effect\": \"Allow\",\n      \"Resource\": \"*\"\n    },\n    {\n      \"Sid\": \"Stmt1507213893166\",\n      \"Action\": \"ec2:*\",\n      \"Effect\": \"Allow\",\n      \"Resource\": \"*\"\n    }\n  ]\n}\n\n\n",
                            "role": "app-role"
                        },
                        "meta": {},
                        "tainted": false
                    },
                    "deposed": [],
                    "provider": ""
                },
                "aws_instance.node_box": {
                    "type": "aws_instance",
                    "depends_on": [
                        "aws_iam_instance_profile.app",
                        "aws_security_group.web_server",
                        "data.terraform_remote_state.infrastructure"
                    ],
                    "primary": {
                        "id": "i-05da4299666e1ed32",
                        "attributes": {
                            "ami": "ami-ebd02392",
                            "associate_public_ip_address": "false",
                            "availability_zone": "eu-west-1a",
                            "disable_api_termination": "false",
                            "ebs_block_device.#": "0",
                            "ebs_optimized": "false",
                            "ephemeral_block_device.#": "0",
                            "iam_instance_profile": "terraform-00178d383c33a2794efb80aeaf",
                            "id": "i-05da4299666e1ed32",
                            "instance_state": "running",
                            "instance_type": "t2.micro",
                            "ipv6_addresses.#": "0",
                            "key_name": "pipeline-ecs",
                            "monitoring": "false",
                            "network_interface.#": "0",
                            "network_interface_id": "eni-f6ab74c8",
                            "primary_network_interface_id": "eni-f6ab74c8",
                            "private_dns": "ip-10-0-1-86.eu-west-1.compute.internal",
                            "private_ip": "10.0.1.86",
                            "public_dns": "",
                            "public_ip": "",
                            "root_block_device.#": "1",
                            "root_block_device.0.delete_on_termination": "true",
                            "root_block_device.0.iops": "100",
                            "root_block_device.0.volume_size": "8",
                            "root_block_device.0.volume_type": "gp2",
                            "security_groups.#": "0",
                            "source_dest_check": "true",
                            "subnet_id": "subnet-9a5f1ed3",
                            "tags.%": "0",
                            "tenancy": "default",
                            "user_data": "77c8c8cb898485307746aa76d410a5d87d8deed9",
                            "volume_tags.%": "0",
                            "vpc_security_group_ids.#": "1",
                            "vpc_security_group_ids.1590909453": "sg-c85947b0"
                        },
                        "meta": {
                            "e2bfb730-ecaa-11e6-8f88-34363bc7c4c0": {
                                "create": 600000000000,
                                "delete": 600000000000,
                                "update": 600000000000
                            },
                            "schema_version": "1"
                        },
                        "tainted": false
                    },
                    "deposed": [],
                    "provider": ""
                },
                "aws_security_group.web_server": {
                    "type": "aws_security_group",
                    "depends_on": [
                        "data.terraform_remote_state.infrastructure"
                    ],
                    "primary": {
                        "id": "sg-c85947b0",
                        "attributes": {
                            "description": "Managed by Terraform",
                            "egress.#": "1",
                            "egress.792410949.cidr_blocks.#": "2",
                            "egress.792410949.cidr_blocks.0": "37.228.251.43/32",
                            "egress.792410949.cidr_blocks.1": "10.0.0.0/16",
                            "egress.792410949.from_port": "22",
                            "egress.792410949.ipv6_cidr_blocks.#": "0",
                            "egress.792410949.prefix_list_ids.#": "0",
                            "egress.792410949.protocol": "tcp",
                            "egress.792410949.security_groups.#": "0",
                            "egress.792410949.self": "false",
                            "egress.792410949.to_port": "22",
                            "id": "sg-c85947b0",
                            "ingress.#": "1",
                            "ingress.2165049311.cidr_blocks.#": "1",
                            "ingress.2165049311.cidr_blocks.0": "10.0.0.0/16",
                            "ingress.2165049311.from_port": "80",
                            "ingress.2165049311.ipv6_cidr_blocks.#": "0",
                            "ingress.2165049311.protocol": "tcp",
                            "ingress.2165049311.security_groups.#": "0",
                            "ingress.2165049311.self": "false",
                            "ingress.2165049311.to_port": "80",
                            "name": "web_server",
                            "owner_id": "492333042402",
                            "tags.%": "0",
                            "vpc_id": "vpc-dcc487bb"
                        },
                        "meta": {},
                        "tainted": false
                    },
                    "deposed": [],
                    "provider": ""
                },
                "data.aws_caller_identity.current": {
                    "type": "aws_caller_identity",
                    "depends_on": [],
                    "primary": {
                        "id": "2017-10-11 21:47:33.120858857 +0000 UTC",
                        "attributes": {
                            "account_id": "492333042402",
                            "arn": "arn:aws:iam::492333042402:user/alan.ryan",
                            "id": "2017-10-11 21:47:33.120858857 +0000 UTC",
                            "user_id": "AIDAI3TEX6CWPEUZZ5M52"
                        },
                        "meta": {},
                        "tainted": false
                    },
                    "deposed": [],
                    "provider": ""
                },
                "data.terraform_remote_state.infrastructure": {
                    "type": "terraform_remote_state",
                    "depends_on": [],
                    "primary": {
                        "id": "2017-10-11 21:47:32.991826871 +0000 UTC",
                        "attributes": {
                            "alb_endpoint": "tmp-Pipeline-ECS-Cluster-alb-2128235949.eu-west-1.elb.amazonaws.com",
                            "backend": "s3",
                            "config.%": "4",
                            "config.acl": "private",
                            "config.bucket": "alan.planet9.statefiles-pipeline-v2",
                            "config.key": "tf_statefiles/dev.tfstate",
                            "config.region": "eu-west-1",
                            "consul_private_ip": "10.0.1.27",
                            "debug_box_private_ip": "10.0.1.75",
                            "environment": "default",
                            "id": "2017-10-11 21:47:32.991826871 +0000 UTC",
                            "private_subnet_ids.#": "2",
                            "private_subnet_ids.0": "subnet-9a5f1ed3",
                            "private_subnet_ids.1": "subnet-a85ee5f3",
                            "vpc_id": "vpc-dcc487bb",
                            "vpn_ip": "52.211.166.70"
                        },
                        "meta": {},
                        "tainted": false
                    },
                    "deposed": [],
                    "provider": ""
                }
            },
            "depends_on": []
        }
    ]
}
